
Microsoft Visual Studio Solution File, Format Version 10.00
# Visual Studio 2008
Project("{8BC9CEB8-8B4A-11D0-8D11-00A0C91BC942}") = "ParticleSystemPSPEditor_v2", "ParticleSystemPSPEditor_v2\ParticleSystemPSPEditor_v2.vcproj", "{365218B0-034C-424F-8DB3-F7FA1F5DE998}"
EndProject
Global
	GlobalSection(SolutionConfigurationPlatforms) = preSolution
		Debug|Win32 = Debug|Win32
		Release|Win32 = Release|Win32
	EndGlobalSection
	GlobalSection(ProjectConfigurationPlatforms) = postSolution
		{365218B0-034C-424F-8DB3-F7FA1F5DE998}.Debug|Win32.ActiveCfg = Debug|Win32
		{365218B0-034C-424F-8DB3-F7FA1F5DE998}.Debug|Win32.Build.0 = Debug|Win32
		{365218B0-034C-424F-8DB3-F7FA1F5DE998}.Release|Win32.ActiveCfg = Release|Win32
		{365218B0-034C-424F-8DB3-F7FA1F5DE998}.Release|Win32.Build.0 = Release|Win32
	EndGlobalSection
	GlobalSection(SolutionProperties) = preSolution
		HideSolutionNode = FALSE
	EndGlobalSection
EndGlobal
