
Microsoft Visual Studio Solution File, Format Version 10.00
# Visual Studio 2008
Project("{8BC9CEB8-8B4A-11D0-8D11-00A0C91BC942}") = "Prototype_01", "Prototype_01\Prototype_01.vcproj", "{6C052285-BB53-424F-8AAC-008FFF6F574A}"
EndProject
Global
	GlobalSection(SolutionConfigurationPlatforms) = preSolution
		Debug|Win32 = Debug|Win32
		Release|Win32 = Release|Win32
	EndGlobalSection
	GlobalSection(ProjectConfigurationPlatforms) = postSolution
		{6C052285-BB53-424F-8AAC-008FFF6F574A}.Debug|Win32.ActiveCfg = Debug|Win32
		{6C052285-BB53-424F-8AAC-008FFF6F574A}.Debug|Win32.Build.0 = Debug|Win32
		{6C052285-BB53-424F-8AAC-008FFF6F574A}.Release|Win32.ActiveCfg = Release|Win32
		{6C052285-BB53-424F-8AAC-008FFF6F574A}.Release|Win32.Build.0 = Release|Win32
	EndGlobalSection
	GlobalSection(SolutionProperties) = preSolution
		HideSolutionNode = FALSE
	EndGlobalSection
EndGlobal
