
Microsoft Visual Studio Solution File, Format Version 9.00
# Visual Studio 2005
Project("{FAE04EC0-301F-11D3-BF4B-00C04F79EFBC}") = "GameEngine", "GameEngine\GameEngine.csproj", "{9FC99001-F84F-40BB-B90E-E50DA5C05084}"
EndProject
Project("{FAE04EC0-301F-11D3-BF4B-00C04F79EFBC}") = "Text", "Text\Text\Text.csproj", "{1D425EFC-F1B9-4952-97A8-43EC610CDFC3}"
EndProject
Project("{FAE04EC0-301F-11D3-BF4B-00C04F79EFBC}") = "ScoringSystem", "ScoringSystem\ScoringSystem v2\ScoringSystem.csproj", "{0DC38CA5-AFAA-4D4C-AACB-C1705079AE85}"
EndProject
Project("{FAE04EC0-301F-11D3-BF4B-00C04F79EFBC}") = "Player", "Player\Player\Player.csproj", "{B3696E1D-9F3D-4C32-BF85-48BEC742348F}"
EndProject
Project("{FAE04EC0-301F-11D3-BF4B-00C04F79EFBC}") = "Timer", "Timer\Timer\Timer\Timer.csproj", "{6F5B5DEE-581A-439D-A7E7-1D548081AC91}"
EndProject
Global
	GlobalSection(SolutionConfigurationPlatforms) = preSolution
		Debug|Any CPU = Debug|Any CPU
		Release|Any CPU = Release|Any CPU
	EndGlobalSection
	GlobalSection(ProjectConfigurationPlatforms) = postSolution
		{9FC99001-F84F-40BB-B90E-E50DA5C05084}.Debug|Any CPU.ActiveCfg = Debug|Any CPU
		{9FC99001-F84F-40BB-B90E-E50DA5C05084}.Debug|Any CPU.Build.0 = Debug|Any CPU
		{9FC99001-F84F-40BB-B90E-E50DA5C05084}.Release|Any CPU.ActiveCfg = Release|Any CPU
		{9FC99001-F84F-40BB-B90E-E50DA5C05084}.Release|Any CPU.Build.0 = Release|Any CPU
		{1D425EFC-F1B9-4952-97A8-43EC610CDFC3}.Debug|Any CPU.ActiveCfg = Debug|Any CPU
		{1D425EFC-F1B9-4952-97A8-43EC610CDFC3}.Debug|Any CPU.Build.0 = Debug|Any CPU
		{1D425EFC-F1B9-4952-97A8-43EC610CDFC3}.Release|Any CPU.ActiveCfg = Release|Any CPU
		{1D425EFC-F1B9-4952-97A8-43EC610CDFC3}.Release|Any CPU.Build.0 = Release|Any CPU
		{0DC38CA5-AFAA-4D4C-AACB-C1705079AE85}.Debug|Any CPU.ActiveCfg = Debug|Any CPU
		{0DC38CA5-AFAA-4D4C-AACB-C1705079AE85}.Debug|Any CPU.Build.0 = Debug|Any CPU
		{0DC38CA5-AFAA-4D4C-AACB-C1705079AE85}.Release|Any CPU.ActiveCfg = Release|Any CPU
		{0DC38CA5-AFAA-4D4C-AACB-C1705079AE85}.Release|Any CPU.Build.0 = Release|Any CPU
		{B3696E1D-9F3D-4C32-BF85-48BEC742348F}.Debug|Any CPU.ActiveCfg = Debug|Any CPU
		{B3696E1D-9F3D-4C32-BF85-48BEC742348F}.Debug|Any CPU.Build.0 = Debug|Any CPU
		{B3696E1D-9F3D-4C32-BF85-48BEC742348F}.Release|Any CPU.ActiveCfg = Release|Any CPU
		{B3696E1D-9F3D-4C32-BF85-48BEC742348F}.Release|Any CPU.Build.0 = Release|Any CPU
		{6F5B5DEE-581A-439D-A7E7-1D548081AC91}.Debug|Any CPU.ActiveCfg = Debug|Any CPU
		{6F5B5DEE-581A-439D-A7E7-1D548081AC91}.Debug|Any CPU.Build.0 = Debug|Any CPU
		{6F5B5DEE-581A-439D-A7E7-1D548081AC91}.Release|Any CPU.ActiveCfg = Release|Any CPU
		{6F5B5DEE-581A-439D-A7E7-1D548081AC91}.Release|Any CPU.Build.0 = Release|Any CPU
	EndGlobalSection
	GlobalSection(SolutionProperties) = preSolution
		HideSolutionNode = FALSE
	EndGlobalSection
EndGlobal
