
Microsoft Visual Studio Solution File, Format Version 10.00
# Visual Studio 2008
Project("{FAE04EC0-301F-11D3-BF4B-00C04F79EFBC}") = "SystemManagement", "System\SystemManagement.csproj", "{62F12F37-AA77-438B-9E16-9D63F26D72C1}"
EndProject
Project("{FAE04EC0-301F-11D3-BF4B-00C04F79EFBC}") = "SystemUserInterface", "WindowsApplication2\SystemUserInterface.csproj", "{B0B3D770-0FE2-4AAF-90ED-ED893CABB7A6}"
EndProject
Global
	GlobalSection(SolutionConfigurationPlatforms) = preSolution
		Debug|Any CPU = Debug|Any CPU
		Release|Any CPU = Release|Any CPU
	EndGlobalSection
	GlobalSection(ProjectConfigurationPlatforms) = postSolution
		{62F12F37-AA77-438B-9E16-9D63F26D72C1}.Debug|Any CPU.ActiveCfg = Debug|Any CPU
		{62F12F37-AA77-438B-9E16-9D63F26D72C1}.Debug|Any CPU.Build.0 = Debug|Any CPU
		{62F12F37-AA77-438B-9E16-9D63F26D72C1}.Release|Any CPU.ActiveCfg = Release|Any CPU
		{62F12F37-AA77-438B-9E16-9D63F26D72C1}.Release|Any CPU.Build.0 = Release|Any CPU
		{B0B3D770-0FE2-4AAF-90ED-ED893CABB7A6}.Debug|Any CPU.ActiveCfg = Debug|Any CPU
		{B0B3D770-0FE2-4AAF-90ED-ED893CABB7A6}.Debug|Any CPU.Build.0 = Debug|Any CPU
		{B0B3D770-0FE2-4AAF-90ED-ED893CABB7A6}.Release|Any CPU.ActiveCfg = Release|Any CPU
		{B0B3D770-0FE2-4AAF-90ED-ED893CABB7A6}.Release|Any CPU.Build.0 = Release|Any CPU
	EndGlobalSection
	GlobalSection(SolutionProperties) = preSolution
		HideSolutionNode = FALSE
	EndGlobalSection
EndGlobal
