
Microsoft Visual Studio Solution File, Format Version 10.00
# Visual Studio 2008
Project("{8BC9CEB8-8B4A-11D0-8D11-00A0C91BC942}") = "psptest", "psptest\psptest.vcproj", "{036FA2AC-BFC6-493B-AC35-505DF9D23CC9}"
EndProject
Global
	GlobalSection(SolutionConfigurationPlatforms) = preSolution
		Debug|Win32 = Debug|Win32
		Release|Win32 = Release|Win32
	EndGlobalSection
	GlobalSection(ProjectConfigurationPlatforms) = postSolution
		{036FA2AC-BFC6-493B-AC35-505DF9D23CC9}.Debug|Win32.ActiveCfg = Debug|Win32
		{036FA2AC-BFC6-493B-AC35-505DF9D23CC9}.Debug|Win32.Build.0 = Debug|Win32
		{036FA2AC-BFC6-493B-AC35-505DF9D23CC9}.Release|Win32.ActiveCfg = Release|Win32
		{036FA2AC-BFC6-493B-AC35-505DF9D23CC9}.Release|Win32.Build.0 = Release|Win32
	EndGlobalSection
	GlobalSection(SolutionProperties) = preSolution
		HideSolutionNode = FALSE
	EndGlobalSection
EndGlobal
